github.com/davecgh/go-spew v1.1.0 h1:ZDRjVQ15GmhC3fiQ8ni8+OwkZQO4DARzQgrnXU1Liz8=
github.com/davecgh/go-spew v1.1.0/go.mod h1:J7Y8YcW2NihsgmVo/mv3lAwl/skON4iLHjSsI+c5H38=
github.com/gorilla/context v1.1.1 h1:AWwleXJkX/nhcU9bZSnZoi3h/qGYqQAGhq6zZe/aQW8=
github.com/gorilla/context v1.1.1/go.mod h1:kBGZzfjB9CEq2AlWe17Uuf7NDRt0dE0s8S51q0aT7Yg=
github.com/gorilla/securecookie v1.1.1 h1:miw7JPhV+b/lAHSXz4qd/nN9jRiAFV5FwjeKyCS8BvQ=
github.com/gorilla/securecookie v1.1.1/go.mod h1:ra0sb63/xPlUeL+yeDciTfxMRAA+MP+HVt/4epWDjd4=
github.com/gorilla/sessions v1.2.1 h1:DHd3rPN5lE3Ts3D8rKkQ8x/0kqfeNmBAaiSi+o7FsgI=
github.com/gorilla/sessions v1.2.1/go.mod h1:dk2InVEVJ0sfLlnXv9EAgkf6ecYs/i80K/zI+bUmuGM=
github.com/keep94/common v1.0.0 h1:hX4MySTB6EidCCxDjcwbCmq56xjQAasTpCEY6eBxlCA=
github.com/keep94/common v1.0.0/go.mod h1:EntqjOWDwp8pluIIK921uIKHuHXbbv/odR/yz+YZf3M=
github.com/keep94/goconsume v1.0.0 h1:WNt2IHnuEEAbX8ix+hEiuJ/JCEY72fY02uBt1PWC6JU=
github.com/keep94/goconsume v1.0.0/go.mod h1:fgvMjVV4vRhDbty/uxLgOw4jZwcxOKlidW35mmshYqE=
github.com/keep94/gofunctional3 v1.0.0 h1:1OccHeUS6m0r/5CxdfWLgffLsytppVny9KuXyD3n9gY=
github.com/keep94/gofunctional3 v1.0.0/go.mod h1:rImP7wOgyBnOls7RQzR60luYfyR4Efrl4U96K8BJlRQ=
github.com/keep94/gosqlite v1.0.0 h1:wYAuan8F3qu/nfqllQTOg7fPlRQGXXc3Bw7mfo7JiyY=
github.com/keep94/gosqlite v1.0.0/go.mod h1:hTK4m/OcNf4Lp7HTQFwhGrRn81oSBI+xf5t5zx5r3Pg=
github.com/keep94/ramstore v1.0.0 h1:/3MQIxxMcX7Ya+hAsL4shM1hmZ9i1MhPRvmunh+8OTw=
github.com/keep94/ramstore v1.0.0/go.mod h1:H3cnrCdTbpLPSaITT7TD3fv9ymw1cD4aXOgaHXTJ8Po=
github.com/keep94/toolbox v0.1.0 h1:7ttx8LkXtS7af0f78/HMUAwniikRPzok4BEk/nK1Q0Y=
github.com/keep94/toolbox v0.1.0/go.mod h1:a2tvB1+OLp+MGHyZGizIEzjMiTryFpp2TuakLTfgreo=
github.com/keep94/weblogs v1.0.0 h1:YTmyjV2rF4Bhl6rMGkoe4mIdHPNKjAkMMZ670bhkK+Q=
github.com/keep94/weblogs v1.0.0/go.mod h1:OoIYchSf6QRvBwDLK8+PNbR8EAXwwITG7wIxKH3+AOM=
github.com/pmezard/go-difflib v1.0.0 h1:4DBwDE0NGyQoBHbLQYPwSUPoCMWR5BEzIk/f1lZbAQM=
github.com/pmezard/go-difflib v1.0.0/go.mod h1:iKH77koFhYxTK1pcRnkKkqfTogsbg7gZNVY4sRDYZ/4=
github.com/stretchr/objx v0.1.0/go.mod h1:HFkY916IF+rwdDfMAkV7OtwuqBVzrE8GR6GFx+wExME=
github.com/stretchr/testify v1.6.1 h1:hDPOHmpOpP40lSULcqw7IrRb/u7w6RpDC9399XyoNd0=
github.com/stretchr/testify v1.6.1/go.mod h1:6Fq8oRcR53rry900zMqJjRRixrwX3KX962/h/Wwjteg=
golang.org/x/crypto v0.0.0-20190308221718-c2843e01d9a2/go.mod h1:djNgcEr1/C05ACkg1iLfiJU5Ep61QUkGW8qpdssI0+w=
golang.org/x/crypto v0.0.0-20200820211705-5c72a883971a h1:vclmkQCjlDX5OydZ9wv8rBCcS0QyQY66Mpf/7BZbInM=
golang.org/x/crypto v0.0.0-20200820211705-5c72a883971a/go.mod h1:LzIPMQfyMNhhGPhUkYOs5KpL4U8rLKemX1yGLhDgUto=
golang.org/x/net v0.0.0-20190404232315-eb5bcb51f2a3/go.mod h1:t9HGtf8HONx5eT2rtn7q6eTqICYqUVnKs3thJo3Qplg=
golang.org/x/sys v0.0.0-20190215142949-d0b11bdaac8a/go.mod h1:STP8DvDyc/dI5b8T5hshtkjS+E42TnysNCUPdjciGhY=
golang.org/x/sys v0.0.0-20190412213103-97732733099d/go.mod h1:h1NjWce9XRLGQEsW7wpKNCjG9DtNlClVuFLEZdDNbEs=
golang.org/x/text v0.3.0/go.mod h1:NqM8EUOU14njkJ3fqMW+pc6Ldnwhi/IjpwHt7yyuwOQ=
gopkg.in/check.v1 v0.0.0-20161208181325-20d25e280405 h1:yhCVgyC4o1eVCa2tZl7eS0r+SDo693bJlVdllGtEeKM=
gopkg.in/check.v1 v0.0.0-20161208181325-20d25e280405/go.mod h1:Co6ibVJAznAaIkqp8huTwlJQCZ016jof/cbN4VW5Yz0=
gopkg.in/yaml.v2 v2.3.0 h1:clyUAQHOM3G0M3f5vQj7LuJrETvjVot3Z5el9nffUtU=
gopkg.in/yaml.v2 v2.3.0/go.mod h1:hI93XBmqTisBFMUTm0b8Fm+jr3Dg1NNxqwp+5A1VGuI=
gopkg.in/yaml.v3 v3.0.0-20200313102051-9f266ea9e77c h1:dUUwHk2QECo/6vqA44rthZ8ie2QXMNeKRTHCNY2nXvo=
gopkg.in/yaml.v3 v3.0.0-20200313102051-9f266ea9e77c/go.mod h1:K4uyk7z7BCEPqu6E+C64Yfv1cQ7kz7rIZviUmN+EgEM=
